// !$*UTF8*$!
{
	archiveVersion = 1;
	classes = {
	};
	objectVersion = 56;
	objects = {

/* Begin PBXBuildFile section */
		2F724B582C07B2F10086FBDE /* RecipeModel.swift in Sources */ = {isa = PBXBuildFile; fileRef = 2F724B572C07B2F10086FBDE /* RecipeModel.swift */; };
		2FB335702C075F84004A79B8 /* Recipe_appApp.swift in Sources */ = {isa = PBXBuildFile; fileRef = 2FB3356F2C075F84004A79B8 /* Recipe_appApp.swift */; };
		2FB335722C075F84004A79B8 /* ContentView.swift in Sources */ = {isa = PBXBuildFile; fileRef = 2FB335712C075F84004A79B8 /* ContentView.swift */; };
		2FB335742C075F85004A79B8 /* Assets.xcassets in Resources */ = {isa = PBXBuildFile; fileRef = 2FB335732C075F85004A79B8 /* Assets.xcassets */; };
		2FB335772C075F85004A79B8 /* Preview Assets.xcassets in Resources */ = {isa = PBXBuildFile; fileRef = 2FB335762C075F85004A79B8 /* Preview Assets.xcassets */; };
		2FB335812C075F85004A79B8 /* Recipe_appTests.swift in Sources */ = {isa = PBXBuildFile; fileRef = 2FB335802C075F85004A79B8 /* Recipe_appTests.swift */; };
		2FB3358B2C075F86004A79B8 /* Recipe_appUITests.swift in Sources */ = {isa = PBXBuildFile; fileRef = 2FB3358A2C075F86004A79B8 /* Recipe_appUITests.swift */; };
		2FB3358D2C075F86004A79B8 /* Recipe_appUITestsLaunchTests.swift in Sources */ = {isa = PBXBuildFile; fileRef = 2FB3358C2C075F86004A79B8 /* Recipe_appUITestsLaunchTests.swift */; };
		2FB335A02C076101004A79B8 /* HomeView.swift in Sources */ = {isa = PBXBuildFile; fileRef = 2FB3359F2C076101004A79B8 /* HomeView.swift */; };
		2FB335A22C076116004A79B8 /* CategoriesView.swift in Sources */ = {isa = PBXBuildFile; fileRef = 2FB335A12C076116004A79B8 /* CategoriesView.swift */; };
		2FB335A42C076130004A79B8 /* NewRecipeView.swift in Sources */ = {isa = PBXBuildFile; fileRef = 2FB335A32C076130004A79B8 /* NewRecipeView.swift */; };
		2FB335A62C076177004A79B8 /* FavoritesView.swift in Sources */ = {isa = PBXBuildFile; fileRef = 2FB335A52C076177004A79B8 /* FavoritesView.swift */; };
		2FB335A82C076186004A79B8 /* SettingsView.swift in Sources */ = {isa = PBXBuildFile; fileRef = 2FB335A72C076186004A79B8 /* SettingsView.swift */; };
		2FB335AA2C0763CD004A79B8 /* Tabbar.swift in Sources */ = {isa = PBXBuildFile; fileRef = 2FB335A92C0763CD004A79B8 /* Tabbar.swift */; };
		2FBD899A2C0D0083007D5167 /* Recipecard.swift in Sources */ = {isa = PBXBuildFile; fileRef = 2FBD89992C0D0083007D5167 /* Recipecard.swift */; };
/* End PBXBuildFile section */

/* Begin PBXContainerItemProxy section */
		2FB3357D2C075F85004A79B8 /* PBXContainerItemProxy */ = {
			isa = PBXContainerItemProxy;
			containerPortal = 2FB335642C075F84004A79B8 /* Project object */;
			proxyType = 1;
			remoteGlobalIDString = 2FB3356B2C075F84004A79B8;
			remoteInfo = Recipe_app;
		};
		2FB335872C075F86004A79B8 /* PBXContainerItemProxy */ = {
			isa = PBXContainerItemProxy;
			containerPortal = 2FB335642C075F84004A79B8 /* Project object */;
			proxyType = 1;
			remoteGlobalIDString = 2FB3356B2C075F84004A79B8;
			remoteInfo = Recipe_app;
		};
/* End PBXContainerItemProxy section */

/* Begin PBXFileReference section */
		2F724B572C07B2F10086FBDE /* RecipeModel.swift */ = {isa = PBXFileReference; lastKnownFileType = sourcecode.swift; path = RecipeModel.swift; sourceTree = "<group>"; };
		2FB3356C2C075F84004A79B8 /* Recipe_app.app */ = {isa = PBXFileReference; explicitFileType = wrapper.application; includeInIndex = 0; path = Recipe_app.app; sourceTree = BUILT_PRODUCTS_DIR; };
		2FB3356F2C075F84004A79B8 /* Recipe_appApp.swift */ = {isa = PBXFileReference; lastKnownFileType = sourcecode.swift; path = Recipe_appApp.swift; sourceTree = "<group>"; };
		2FB335712C075F84004A79B8 /* ContentView.swift */ = {isa = PBXFileReference; lastKnownFileType = sourcecode.swift; path = ContentView.swift; sourceTree = "<group>"; };
		2FB335732C075F85004A79B8 /* Assets.xcassets */ = {isa = PBXFileReference; lastKnownFileType = folder.assetcatalog; path = Assets.xcassets; sourceTree = "<group>"; };
		2FB335762C075F85004A79B8 /* Preview Assets.xcassets */ = {isa = PBXFileReference; lastKnownFileType = folder.assetcatalog; path = "Preview Assets.xcassets"; sourceTree = "<group>"; };
		2FB3357C2C075F85004A79B8 /* Recipe_appTests.xctest */ = {isa = PBXFileReference; explicitFileType = wrapper.cfbundle; includeInIndex = 0; path = Recipe_appTests.xctest; sourceTree = BUILT_PRODUCTS_DIR; };
		2FB335802C075F85004A79B8 /* Recipe_appTests.swift */ = {isa = PBXFileReference; lastKnownFileType = sourcecode.swift; path = Recipe_appTests.swift; sourceTree = "<group>"; };
		2FB335862C075F86004A79B8 /* Recipe_appUITests.xctest */ = {isa = PBXFileReference; explicitFileType = wrapper.cfbundle; includeInIndex = 0; path = Recipe_appUITests.xctest; sourceTree = BUILT_PRODUCTS_DIR; };
		2FB3358A2C075F86004A79B8 /* Recipe_appUITests.swift */ = {isa = PBXFileReference; lastKnownFileType = sourcecode.swift; path = Recipe_appUITests.swift; sourceTree = "<group>"; };
		2FB3358C2C075F86004A79B8 /* Recipe_appUITestsLaunchTests.swift */ = {isa = PBXFileReference; lastKnownFileType = sourcecode.swift; path = Recipe_appUITestsLaunchTests.swift; sourceTree = "<group>"; };
		2FB3359F2C076101004A79B8 /* HomeView.swift */ = {isa = PBXFileReference; lastKnownFileType = sourcecode.swift; path = HomeView.swift; sourceTree = "<group>"; };
		2FB335A12C076116004A79B8 /* CategoriesView.swift */ = {isa = PBXFileReference; lastKnownFileType = sourcecode.swift; path = CategoriesView.swift; sourceTree = "<group>"; };
		2FB335A32C076130004A79B8 /* NewRecipeView.swift */ = {isa = PBXFileReference; lastKnownFileType = sourcecode.swift; path = NewRecipeView.swift; sourceTree = "<group>"; };
		2FB335A52C076177004A79B8 /* FavoritesView.swift */ = {isa = PBXFileReference; lastKnownFileType = sourcecode.swift; path = FavoritesView.swift; sourceTree = "<group>"; };
		2FB335A72C076186004A79B8 /* SettingsView.swift */ = {isa = PBXFileReference; lastKnownFileType = sourcecode.swift; path = SettingsView.swift; sourceTree = "<group>"; };
		2FB335A92C0763CD004A79B8 /* Tabbar.swift */ = {isa = PBXFileReference; lastKnownFileType = sourcecode.swift; path = Tabbar.swift; sourceTree = "<group>"; };
		2FBD89992C0D0083007D5167 /* Recipecard.swift */ = {isa = PBXFileReference; lastKnownFileType = sourcecode.swift; path = Recipecard.swift; sourceTree = "<group>"; };
/* End PBXFileReference section */

/* Begin PBXFrameworksBuildPhase section */
		2FB335692C075F84004A79B8 /* Frameworks */ = {
			isa = PBXFrameworksBuildPhase;
			buildActionMask = 2147483647;
			files = (
			);
			runOnlyForDeploymentPostprocessing = 0;
		};
		2FB335792C075F85004A79B8 /* Frameworks */ = {
			isa = PBXFrameworksBuildPhase;
			buildActionMask = 2147483647;
			files = (
			);
			runOnlyForDeploymentPostprocessing = 0;
		};
		2FB335832C075F86004A79B8 /* Frameworks */ = {
			isa = PBXFrameworksBuildPhase;
			buildActionMask = 2147483647;
			files = (
			);
			runOnlyForDeploymentPostprocessing = 0;
		};
/* End PBXFrameworksBuildPhase section */

/* Begin PBXGroup section */
		2FB335632C075F84004A79B8 = {
			isa = PBXGroup;
			children = (
				2FB3356E2C075F84004A79B8 /* Recipe_app */,
				2FB3357F2C075F85004A79B8 /* Recipe_appTests */,
				2FB335892C075F86004A79B8 /* Recipe_appUITests */,
				2FB3356D2C075F84004A79B8 /* Products */,
			);
			sourceTree = "<group>";
		};
		2FB3356D2C075F84004A79B8 /* Products */ = {
			isa = PBXGroup;
			children = (
				2FB3356C2C075F84004A79B8 /* Recipe_app.app */,
				2FB3357C2C075F85004A79B8 /* Recipe_appTests.xctest */,
				2FB335862C075F86004A79B8 /* Recipe_appUITests.xctest */,
			);
			name = Products;
			sourceTree = "<group>";
		};
		2FB3356E2C075F84004A79B8 /* Recipe_app */ = {
			isa = PBXGroup;
			children = (
				2FB335992C075FA0004A79B8 /* View */,
				2FB3356F2C075F84004A79B8 /* Recipe_appApp.swift */,
				2FB335732C075F85004A79B8 /* Assets.xcassets */,
				2FB335762C075F85004A79B8 /* Preview Assets.xcassets */,
				2FB3359E2C076054004A79B8 /* Models */,
				2FB3359D2C07604B004A79B8 /* View Model */,
				2FB335752C075F85004A79B8 /* Preview Content */,
			);
			path = Recipe_app;
			sourceTree = "<group>";
		};
		2FB335752C075F85004A79B8 /* Preview Content */ = {
			isa = PBXGroup;
			children = (
			);
			path = "Preview Content";
			sourceTree = "<group>";
		};
		2FB3357F2C075F85004A79B8 /* Recipe_appTests */ = {
			isa = PBXGroup;
			children = (
				2FB335802C075F85004A79B8 /* Recipe_appTests.swift */,
			);
			path = Recipe_appTests;
			sourceTree = "<group>";
		};
		2FB335892C075F86004A79B8 /* Recipe_appUITests */ = {
			isa = PBXGroup;
			children = (
				2FB3358A2C075F86004A79B8 /* Recipe_appUITests.swift */,
				2FB3358C2C075F86004A79B8 /* Recipe_appUITestsLaunchTests.swift */,
			);
			path = Recipe_appUITests;
			sourceTree = "<group>";
		};
		2FB335992C075FA0004A79B8 /* View */ = {
			isa = PBXGroup;
			children = (
				2FB3359B2C075FB9004A79B8 /* Detail */,
				2FB3359C2C075FC7004A79B8 /* Components */,
				2FB3359A2C075FB2004A79B8 /* Main */,
			);
			path = View;
			sourceTree = "<group>";
		};
		2FB3359A2C075FB2004A79B8 /* Main */ = {
			isa = PBXGroup;
			children = (
				2FB335712C075F84004A79B8 /* ContentView.swift */,
				2FB335A92C0763CD004A79B8 /* Tabbar.swift */,
				2FB3359F2C076101004A79B8 /* HomeView.swift */,
				2FB335A12C076116004A79B8 /* CategoriesView.swift */,
				2FB335A32C076130004A79B8 /* NewRecipeView.swift */,
				2FB335A52C076177004A79B8 /* FavoritesView.swift */,
				2FB335A72C076186004A79B8 /* SettingsView.swift */,
			);
			path = Main;
			sourceTree = "<group>";
		};
		2FB3359B2C075FB9004A79B8 /* Detail */ = {
			isa = PBXGroup;
			children = (
			);
			path = Detail;
			sourceTree = "<group>";
		};
		2FB3359C2C075FC7004A79B8 /* Components */ = {
			isa = PBXGroup;
			children = (
				2FBD89992C0D0083007D5167 /* Recipecard.swift */,
			);
			path = Components;
			sourceTree = "<group>";
		};
		2FB3359D2C07604B004A79B8 /* View Model */ = {
			isa = PBXGroup;
			children = (
			);
			path = "View Model";
			sourceTree = "<group>";
		};
		2FB3359E2C076054004A79B8 /* Models */ = {
			isa = PBXGroup;
			children = (
				2F724B572C07B2F10086FBDE /* RecipeModel.swift */,
			);
			path = Models;
			sourceTree = "<group>";
		};
/* End PBXGroup section */

/* Begin PBXNativeTarget section */
		2FB3356B2C075F84004A79B8 /* Recipe_app */ = {
			isa = PBXNativeTarget;
			buildConfigurationList = 2FB335902C075F86004A79B8 /* Build configuration list for PBXNativeTarget "Recipe_app" */;
			buildPhases = (
				2FB335682C075F84004A79B8 /* Sources */,
				2FB335692C075F84004A79B8 /* Frameworks */,
				2FB3356A2C075F84004A79B8 /* Resources */,
			);
			buildRules = (
			);
			dependencies = (
			);
			name = Recipe_app;
			productName = Recipe_app;
			productReference = 2FB3356C2C075F84004A79B8 /* Recipe_app.app */;
			productType = "com.apple.product-type.application";
		};
		2FB3357B2C075F85004A79B8 /* Recipe_appTests */ = {
			isa = PBXNativeTarget;
			buildConfigurationList = 2FB335932C075F86004A79B8 /* Build configuration list for PBXNativeTarget "Recipe_appTests" */;
			buildPhases = (
				2FB335782C075F85004A79B8 /* Sources */,
				2FB335792C075F85004A79B8 /* Frameworks */,
				2FB3357A2C075F85004A79B8 /* Resources */,
			);
			buildRules = (
			);
			dependencies = (
				2FB3357E2C075F85004A79B8 /* PBXTargetDependency */,
			);
			name = Recipe_appTests;
			productName = Recipe_appTests;
			productReference = 2FB3357C2C075F85004A79B8 /* Recipe_appTests.xctest */;
			productType = "com.apple.product-type.bundle.unit-test";
		};
		2FB335852C075F86004A79B8 /* Recipe_appUITests */ = {
			isa = PBXNativeTarget;
			buildConfigurationList = 2FB335962C075F86004A79B8 /* Build configuration list for PBXNativeTarget "Recipe_appUITests" */;
			buildPhases = (
				2FB335822C075F86004A79B8 /* Sources */,
				2FB335832C075F86004A79B8 /* Frameworks */,
				2FB335842C075F86004A79B8 /* Resources */,
			);
			buildRules = (
			);
			dependencies = (
				2FB335882C075F86004A79B8 /* PBXTargetDependency */,
			);
			name = Recipe_appUITests;
			productName = Recipe_appUITests;
			productReference = 2FB335862C075F86004A79B8 /* Recipe_appUITests.xctest */;
			productType = "com.apple.product-type.bundle.ui-testing";
		};
/* End PBXNativeTarget section */

/* Begin PBXProject section */
		2FB335642C075F84004A79B8 /* Project object */ = {
			isa = PBXProject;
			attributes = {
				BuildIndependentTargetsInParallel = 1;
				LastSwiftUpdateCheck = 1530;
				LastUpgradeCheck = 1530;
				TargetAttributes = {
					2FB3356B2C075F84004A79B8 = {
						CreatedOnToolsVersion = 15.3;
					};
					2FB3357B2C075F85004A79B8 = {
						CreatedOnToolsVersion = 15.3;
						TestTargetID = 2FB3356B2C075F84004A79B8;
					};
					2FB335852C075F86004A79B8 = {
						CreatedOnToolsVersion = 15.3;
						TestTargetID = 2FB3356B2C075F84004A79B8;
					};
				};
			};
			buildConfigurationList = 2FB335672C075F84004A79B8 /* Build configuration list for PBXProject "Recipe_app" */;
			compatibilityVersion = "Xcode 14.0";
			developmentRegion = en;
			hasScannedForEncodings = 0;
			knownRegions = (
				en,
				Base,
			);
			mainGroup = 2FB335632C075F84004A79B8;
			productRefGroup = 2FB3356D2C075F84004A79B8 /* Products */;
			projectDirPath = "";
			projectRoot = "";
			targets = (
				2FB3356B2C075F84004A79B8 /* Recipe_app */,
				2FB3357B2C075F85004A79B8 /* Recipe_appTests */,
				2FB335852C075F86004A79B8 /* Recipe_appUITests */,
			);
		};
/* End PBXProject section */

/* Begin PBXResourcesBuildPhase section */
		2FB3356A2C075F84004A79B8 /* Resources */ = {
			isa = PBXResourcesBuildPhase;
			buildActionMask = 2147483647;
			files = (
				2FB335772C075F85004A79B8 /* Preview Assets.xcassets in Resources */,
				2FB335742C075F85004A79B8 /* Assets.xcassets in Resources */,
			);
			runOnlyForDeploymentPostprocessing = 0;
		};
		2FB3357A2C075F85004A79B8 /* Resources */ = {
			isa = PBXResourcesBuildPhase;
			buildActionMask = 2147483647;
			files = (
			);
			runOnlyForDeploymentPostprocessing = 0;
		};
		2FB335842C075F86004A79B8 /* Resources */ = {
			isa = PBXResourcesBuildPhase;
			buildActionMask = 2147483647;
			files = (
			);
			runOnlyForDeploymentPostprocessing = 0;
		};
/* End PBXResourcesBuildPhase section */

/* Begin PBXSourcesBuildPhase section */
		2FB335682C075F84004A79B8 /* Sources */ = {
			isa = PBXSourcesBuildPhase;
			buildActionMask = 2147483647;
			files = (
				2FB335A82C076186004A79B8 /* SettingsView.swift in Sources */,
				2FB335A22C076116004A79B8 /* CategoriesView.swift in Sources */,
				2FB335A42C076130004A79B8 /* NewRecipeView.swift in Sources */,
				2FB335AA2C0763CD004A79B8 /* Tabbar.swift in Sources */,
				2FB335A62C076177004A79B8 /* FavoritesView.swift in Sources */,
				2FB335A02C076101004A79B8 /* HomeView.swift in Sources */,
				2FB335722C075F84004A79B8 /* ContentView.swift in Sources */,
				2FB335702C075F84004A79B8 /* Recipe_appApp.swift in Sources */,
				2F724B582C07B2F10086FBDE /* RecipeModel.swift in Sources */,
				2FBD899A2C0D0083007D5167 /* Recipecard.swift in Sources */,
			);
			runOnlyForDeploymentPostprocessing = 0;
		};
		2FB335782C075F85004A79B8 /* Sources */ = {
			isa = PBXSourcesBuildPhase;
			buildActionMask = 2147483647;
			files = (
				2FB335812C075F85004A79B8 /* Recipe_appTests.swift in Sources */,
			);
			runOnlyForDeploymentPostprocessing = 0;
		};
		2FB335822C075F86004A79B8 /* Sources */ = {
			isa = PBXSourcesBuildPhase;
			buildActionMask = 2147483647;
			files = (
				2FB3358D2C075F86004A79B8 /* Recipe_appUITestsLaunchTests.swift in Sources */,
				2FB3358B2C075F86004A79B8 /* Recipe_appUITests.swift in Sources */,
			);
			runOnlyForDeploymentPostprocessing = 0;
		};
/* End PBXSourcesBuildPhase section */

/* Begin PBXTargetDependency section */
		2FB3357E2C075F85004A79B8 /* PBXTargetDependency */ = {
			isa = PBXTargetDependency;
			target = 2FB3356B2C075F84004A79B8 /* Recipe_app */;
			targetProxy = 2FB3357D2C075F85004A79B8 /* PBXContainerItemProxy */;
		};
		2FB335882C075F86004A79B8 /* PBXTargetDependency */ = {
			isa = PBXTargetDependency;
			target = 2FB3356B2C075F84004A79B8 /* Recipe_app */;
			targetProxy = 2FB335872C075F86004A79B8 /* PBXContainerItemProxy */;
		};
/* End PBXTargetDependency section */

/* Begin XCBuildConfiguration section */
		2FB3358E2C075F86004A79B8 /* Debug */ = {
			isa = XCBuildConfiguration;
			buildSettings = {
				ALWAYS_SEARCH_USER_PATHS = NO;
				ASSETCATALOG_COMPILER_GENERATE_SWIFT_ASSET_SYMBOL_EXTENSIONS = YES;
				CLANG_ANALYZER_NONNULL = YES;
				CLANG_ANALYZER_NUMBER_OBJECT_CONVERSION = YES_AGGRESSIVE;
				CLANG_CXX_LANGUAGE_STANDARD = "gnu++20";
				CLANG_ENABLE_MODULES = YES;
				CLANG_ENABLE_OBJC_ARC = YES;
				CLANG_ENABLE_OBJC_WEAK = YES;
				CLANG_WARN_BLOCK_CAPTURE_AUTORELEASING = YES;
				CLANG_WARN_BOOL_CONVERSION = YES;
				CLANG_WARN_COMMA = YES;
				CLANG_WARN_CONSTANT_CONVERSION = YES;
				CLANG_WARN_DEPRECATED_OBJC_IMPLEMENTATIONS = YES;
				CLANG_WARN_DIRECT_OBJC_ISA_USAGE = YES_ERROR;
				CLANG_WARN_DOCUMENTATION_COMMENTS = YES;
				CLANG_WARN_EMPTY_BODY = YES;
				CLANG_WARN_ENUM_CONVERSION = YES;
				CLANG_WARN_INFINITE_RECURSION = YES;
				CLANG_WARN_INT_CONVERSION = YES;
				CLANG_WARN_NON_LITERAL_NULL_CONVERSION = YES;
				CLANG_WARN_OBJC_IMPLICIT_RETAIN_SELF = YES;
				CLANG_WARN_OBJC_LITERAL_CONVERSION = YES;
				CLANG_WARN_OBJC_ROOT_CLASS = YES_ERROR;
				CLANG_WARN_QUOTED_INCLUDE_IN_FRAMEWORK_HEADER = YES;
				CLANG_WARN_RANGE_LOOP_ANALYSIS = YES;
				CLANG_WARN_STRICT_PROTOTYPES = YES;
				CLANG_WARN_SUSPICIOUS_MOVE = YES;
				CLANG_WARN_UNGUARDED_AVAILABILITY = YES_AGGRESSIVE;
				CLANG_WARN_UNREACHABLE_CODE = YES;
				CLANG_WARN__DUPLICATE_METHOD_MATCH = YES;
				COPY_PHASE_STRIP = NO;
				DEBUG_INFORMATION_FORMAT = dwarf;
				ENABLE_STRICT_OBJC_MSGSEND = YES;
				ENABLE_TESTABILITY = YES;
				ENABLE_USER_SCRIPT_SANDBOXING = YES;
				GCC_C_LANGUAGE_STANDARD = gnu17;
				GCC_DYNAMIC_NO_PIC = NO;
				GCC_NO_COMMON_BLOCKS = YES;
				GCC_OPTIMIZATION_LEVEL = 0;
				GCC_PREPROCESSOR_DEFINITIONS = (
					"DEBUG=1",
					"$(inherited)",
				);
				GCC_WARN_64_TO_32_BIT_CONVERSION = YES;
				GCC_WARN_ABOUT_RETURN_TYPE = YES_ERROR;
				GCC_WARN_UNDECLARED_SELECTOR = YES;
				GCC_WARN_UNINITIALIZED_AUTOS = YES_AGGRESSIVE;
				GCC_WARN_UNUSED_FUNCTION = YES;
				GCC_WARN_UNUSED_VARIABLE = YES;
				IPHONEOS_DEPLOYMENT_TARGET = 17.4;
				LOCALIZATION_PREFERS_STRING_CATALOGS = YES;
				MTL_ENABLE_DEBUG_INFO = INCLUDE_SOURCE;
				MTL_FAST_MATH = YES;
				ONLY_ACTIVE_ARCH = YES;
				SDKROOT = iphoneos;
				SWIFT_ACTIVE_COMPILATION_CONDITIONS = "DEBUG $(inherited)";
				SWIFT_OPTIMIZATION_LEVEL = "-Onone";
			};
			name = Debug;
		};
		2FB3358F2C075F86004A79B8 /* Release */ = {
			isa = XCBuildConfiguration;
			buildSettings = {
				ALWAYS_SEARCH_USER_PATHS = NO;
				ASSETCATALOG_COMPILER_GENERATE_SWIFT_ASSET_SYMBOL_EXTENSIONS = YES;
				CLANG_ANALYZER_NONNULL = YES;
				CLANG_ANALYZER_NUMBER_OBJECT_CONVERSION = YES_AGGRESSIVE;
				CLANG_CXX_LANGUAGE_STANDARD = "gnu++20";
				CLANG_ENABLE_MODULES = YES;
				CLANG_ENABLE_OBJC_ARC = YES;
				CLANG_ENABLE_OBJC_WEAK = YES;
				CLANG_WARN_BLOCK_CAPTURE_AUTORELEASING = YES;
				CLANG_WARN_BOOL_CONVERSION = YES;
				CLANG_WARN_COMMA = YES;
				CLANG_WARN_CONSTANT_CONVERSION = YES;
				CLANG_WARN_DEPRECATED_OBJC_IMPLEMENTATIONS = YES;
				CLANG_WARN_DIRECT_OBJC_ISA_USAGE = YES_ERROR;
				CLANG_WARN_DOCUMENTATION_COMMENTS = YES;
				CLANG_WARN_EMPTY_BODY = YES;
				CLANG_WARN_ENUM_CONVERSION = YES;
				CLANG_WARN_INFINITE_RECURSION = YES;
				CLANG_WARN_INT_CONVERSION = YES;
				CLANG_WARN_NON_LITERAL_NULL_CONVERSION = YES;
				CLANG_WARN_OBJC_IMPLICIT_RETAIN_SELF = YES;
				CLANG_WARN_OBJC_LITERAL_CONVERSION = YES;
				CLANG_WARN_OBJC_ROOT_CLASS = YES_ERROR;
				CLANG_WARN_QUOTED_INCLUDE_IN_FRAMEWORK_HEADER = YES;
				CLANG_WARN_RANGE_LOOP_ANALYSIS = YES;
				CLANG_WARN_STRICT_PROTOTYPES = YES;
				CLANG_WARN_SUSPICIOUS_MOVE = YES;
				CLANG_WARN_UNGUARDED_AVAILABILITY = YES_AGGRESSIVE;
				CLANG_WARN_UNREACHABLE_CODE = YES;
				CLANG_WARN__DUPLICATE_METHOD_MATCH = YES;
				COPY_PHASE_STRIP = NO;
				DEBUG_INFORMATION_FORMAT = "dwarf-with-dsym";
				ENABLE_NS_ASSERTIONS = NO;
				ENABLE_STRICT_OBJC_MSGSEND = YES;
				ENABLE_USER_SCRIPT_SANDBOXING = YES;
				GCC_C_LANGUAGE_STANDARD = gnu17;
				GCC_NO_COMMON_BLOCKS = YES;
				GCC_WARN_64_TO_32_BIT_CONVERSION = YES;
				GCC_WARN_ABOUT_RETURN_TYPE = YES_ERROR;
				GCC_WARN_UNDECLARED_SELECTOR = YES;
				GCC_WARN_UNINITIALIZED_AUTOS = YES_AGGRESSIVE;
				GCC_WARN_UNUSED_FUNCTION = YES;
				GCC_WARN_UNUSED_VARIABLE = YES;
				IPHONEOS_DEPLOYMENT_TARGET = 17.4;
				LOCALIZATION_PREFERS_STRING_CATALOGS = YES;
				MTL_ENABLE_DEBUG_INFO = NO;
				MTL_FAST_MATH = YES;
				SDKROOT = iphoneos;
				SWIFT_COMPILATION_MODE = wholemodule;
				VALIDATE_PRODUCT = YES;
			};
			name = Release;
		};
		2FB335912C075F86004A79B8 /* Debug */ = {
			isa = XCBuildConfiguration;
			buildSettings = {
				ASSETCATALOG_COMPILER_APPICON_NAME = AppIcon;
				ASSETCATALOG_COMPILER_GLOBAL_ACCENT_COLOR_NAME = AccentColor;
				CODE_SIGN_STYLE = Automatic;
				CURRENT_PROJECT_VERSION = 1;
				DEVELOPMENT_ASSET_PATHS = "\"Recipe_app/Preview Content\"";
				ENABLE_PREVIEWS = YES;
				GENERATE_INFOPLIST_FILE = YES;
				INFOPLIST_KEY_UIApplicationSceneManifest_Generation = YES;
				INFOPLIST_KEY_UIApplicationSupportsIndirectInputEvents = YES;
				INFOPLIST_KEY_UILaunchScreen_Generation = YES;
				INFOPLIST_KEY_UISupportedInterfaceOrientations_iPad = "UIInterfaceOrientationPortrait UIInterfaceOrientationPortraitUpsideDown UIInterfaceOrientationLandscapeLeft UIInterfaceOrientationLandscapeRight";
				INFOPLIST_KEY_UISupportedInterfaceOrientations_iPhone = "UIInterfaceOrientationPortrait UIInterfaceOrientationLandscapeLeft UIInterfaceOrientationLandscapeRight";
				LD_RUNPATH_SEARCH_PATHS = (
					"$(inherited)",
					"@executable_path/Frameworks",
				);
				MARKETING_VERSION = 1.0;
				PRODUCT_BUNDLE_IDENTIFIER = "com.Dev.Recipe-app";
				PRODUCT_NAME = "$(TARGET_NAME)";
				SWIFT_EMIT_LOC_STRINGS = YES;
				SWIFT_VERSION = 5.0;
				TARGETED_DEVICE_FAMILY = "1,2";
			};
			name = Debug;
		};
		2FB335922C075F86004A79B8 /* Release */ = {
			isa = XCBuildConfiguration;
			buildSettings = {
				ASSETCATALOG_COMPILER_APPICON_NAME = AppIcon;
				ASSETCATALOG_COMPILER_GLOBAL_ACCENT_COLOR_NAME = AccentColor;
				CODE_SIGN_STYLE = Automatic;
				CURRENT_PROJECT_VERSION = 1;
				DEVELOPMENT_ASSET_PATHS = "\"Recipe_app/Preview Content\"";
				ENABLE_PREVIEWS = YES;
				GENERATE_INFOPLIST_FILE = YES;
				INFOPLIST_KEY_UIApplicationSceneManifest_Generation = YES;
				INFOPLIST_KEY_UIApplicationSupportsIndirectInputEvents = YES;
				INFOPLIST_KEY_UILaunchScreen_Generation = YES;
				INFOPLIST_KEY_UISupportedInterfaceOrientations_iPad = "UIInterfaceOrientationPortrait UIInterfaceOrientationPortraitUpsideDown UIInterfaceOrientationLandscapeLeft UIInterfaceOrientationLandscapeRight";
				INFOPLIST_KEY_UISupportedInterfaceOrientations_iPhone = "UIInterfaceOrientationPortrait UIInterfaceOrientationLandscapeLeft UIInterfaceOrientationLandscapeRight";
				LD_RUNPATH_SEARCH_PATHS = (
					"$(inherited)",
					"@executable_path/Frameworks",
				);
				MARKETING_VERSION = 1.0;
				PRODUCT_BUNDLE_IDENTIFIER = "com.Dev.Recipe-app";
				PRODUCT_NAME = "$(TARGET_NAME)";
				SWIFT_EMIT_LOC_STRINGS = YES;
				SWIFT_VERSION = 5.0;
				TARGETED_DEVICE_FAMILY = "1,2";
			};
			name = Release;
		};
		2FB335942C075F86004A79B8 /* Debug */ = {
			isa = XCBuildConfiguration;
			buildSettings = {
				ALWAYS_EMBED_SWIFT_STANDARD_LIBRARIES = YES;
				BUNDLE_LOADER = "$(TEST_HOST)";
				CODE_SIGN_STYLE = Automatic;
				CURRENT_PROJECT_VERSION = 1;
				GENERATE_INFOPLIST_FILE = YES;
				IPHONEOS_DEPLOYMENT_TARGET = 17.4;
				MARKETING_VERSION = 1.0;
				PRODUCT_BUNDLE_IDENTIFIER = "com.Dev.Recipe-appTests";
				PRODUCT_NAME = "$(TARGET_NAME)";
				SWIFT_EMIT_LOC_STRINGS = NO;
				SWIFT_VERSION = 5.0;
				TARGETED_DEVICE_FAMILY = "1,2";
				TEST_HOST = "$(BUILT_PRODUCTS_DIR)/Recipe_app.app/$(BUNDLE_EXECUTABLE_FOLDER_PATH)/Recipe_app";
			};
			name = Debug;
		};
		2FB335952C075F86004A79B8 /* Release */ = {
			isa = XCBuildConfiguration;
			buildSettings = {
				ALWAYS_EMBED_SWIFT_STANDARD_LIBRARIES = YES;
				BUNDLE_LOADER = "$(TEST_HOST)";
				CODE_SIGN_STYLE = Automatic;
				CURRENT_PROJECT_VERSION = 1;
				GENERATE_INFOPLIST_FILE = YES;
				IPHONEOS_DEPLOYMENT_TARGET = 17.4;
				MARKETING_VERSION = 1.0;
				PRODUCT_BUNDLE_IDENTIFIER = "com.Dev.Recipe-appTests";
				PRODUCT_NAME = "$(TARGET_NAME)";
				SWIFT_EMIT_LOC_STRINGS = NO;
				SWIFT_VERSION = 5.0;
				TARGETED_DEVICE_FAMILY = "1,2";
				TEST_HOST = "$(BUILT_PRODUCTS_DIR)/Recipe_app.app/$(BUNDLE_EXECUTABLE_FOLDER_PATH)/Recipe_app";
			};
			name = Release;
		};
		2FB335972C075F86004A79B8 /* Debug */ = {
			isa = XCBuildConfiguration;
			buildSettings = {
				ALWAYS_EMBED_SWIFT_STANDARD_LIBRARIES = YES;
				CODE_SIGN_STYLE = Automatic;
				CURRENT_PROJECT_VERSION = 1;
				GENERATE_INFOPLIST_FILE = YES;
				MARKETING_VERSION = 1.0;
				PRODUCT_BUNDLE_IDENTIFIER = "com.Dev.Recipe-appUITests";
				PRODUCT_NAME = "$(TARGET_NAME)";
				SWIFT_EMIT_LOC_STRINGS = NO;
				SWIFT_VERSION = 5.0;
				TARGETED_DEVICE_FAMILY = "1,2";
				TEST_TARGET_NAME = Recipe_app;
			};
			name = Debug;
		};
		2FB335982C075F86004A79B8 /* Release */ = {
			isa = XCBuildConfiguration;
			buildSettings = {
				ALWAYS_EMBED_SWIFT_STANDARD_LIBRARIES = YES;
				CODE_SIGN_STYLE = Automatic;
				CURRENT_PROJECT_VERSION = 1;
				GENERATE_INFOPLIST_FILE = YES;
				MARKETING_VERSION = 1.0;
				PRODUCT_BUNDLE_IDENTIFIER = "com.Dev.Recipe-appUITests";
				PRODUCT_NAME = "$(TARGET_NAME)";
				SWIFT_EMIT_LOC_STRINGS = NO;
				SWIFT_VERSION = 5.0;
				TARGETED_DEVICE_FAMILY = "1,2";
				TEST_TARGET_NAME = Recipe_app;
			};
			name = Release;
		};
/* End XCBuildConfiguration section */

/* Begin XCConfigurationList section */
		2FB335672C075F84004A79B8 /* Build configuration list for PBXProject "Recipe_app" */ = {
			isa = XCConfigurationList;
			buildConfigurations = (
				2FB3358E2C075F86004A79B8 /* Debug */,
				2FB3358F2C075F86004A79B8 /* Release */,
			);
			defaultConfigurationIsVisible = 0;
			defaultConfigurationName = Release;
		};
		2FB335902C075F86004A79B8 /* Build configuration list for PBXNativeTarget "Recipe_app" */ = {
			isa = XCConfigurationList;
			buildConfigurations = (
				2FB335912C075F86004A79B8 /* Debug */,
				2FB335922C075F86004A79B8 /* Release */,
			);
			defaultConfigurationIsVisible = 0;
			defaultConfigurationName = Release;
		};
		2FB335932C075F86004A79B8 /* Build configuration list for PBXNativeTarget "Recipe_appTests" */ = {
			isa = XCConfigurationList;
			buildConfigurations = (
				2FB335942C075F86004A79B8 /* Debug */,
				2FB335952C075F86004A79B8 /* Release */,
			);
			defaultConfigurationIsVisible = 0;
			defaultConfigurationName = Release;
		};
		2FB335962C075F86004A79B8 /* Build configuration list for PBXNativeTarget "Recipe_appUITests" */ = {
			isa = XCConfigurationList;
			buildConfigurations = (
				2FB335972C075F86004A79B8 /* Debug */,
				2FB335982C075F86004A79B8 /* Release */,
			);
			defaultConfigurationIsVisible = 0;
			defaultConfigurationName = Release;
		};
/* End XCConfigurationList section */
	};
	rootObject = 2FB335642C075F84004A79B8 /* Project object */;
}
